
Microsoft Visual Studio Solution File, Format Version 11.00
# Visual Studio 2010
Project("{FAE04EC0-301F-11D3-BF4B-00C04F79EFBC}") = "projecth7", "projecth7\projecth7.csproj", "{FE13F086-6C39-4D6E-A3D9-6486966F4F1B}"
EndProject
Project("{FAE04EC0-301F-11D3-BF4B-00C04F79EFBC}") = "DocToolkit", "DocToolkit\DocToolkit.csproj", "{EF871417-414A-462F-9B30-6EEC3920499F}"
EndProject
Global
	GlobalSection(SolutionConfigurationPlatforms) = preSolution
		Debug|Any CPU = Debug|Any CPU
		Debug|Mixed Platforms = Debug|Mixed Platforms
		Debug|x86 = Debug|x86
		Release|Any CPU = Release|Any CPU
		Release|Mixed Platforms = Release|Mixed Platforms
		Release|x86 = Release|x86
	EndGlobalSection
	GlobalSection(ProjectConfigurationPlatforms) = postSolution
		{FE13F086-6C39-4D6E-A3D9-6486966F4F1B}.Debug|Any CPU.ActiveCfg = Debug|x86
		{FE13F086-6C39-4D6E-A3D9-6486966F4F1B}.Debug|Mixed Platforms.ActiveCfg = Debug|x86
		{FE13F086-6C39-4D6E-A3D9-6486966F4F1B}.Debug|Mixed Platforms.Build.0 = Debug|x86
		{FE13F086-6C39-4D6E-A3D9-6486966F4F1B}.Debug|x86.ActiveCfg = Debug|x86
		{FE13F086-6C39-4D6E-A3D9-6486966F4F1B}.Debug|x86.Build.0 = Debug|x86
		{FE13F086-6C39-4D6E-A3D9-6486966F4F1B}.Release|Any CPU.ActiveCfg = Release|x86
		{FE13F086-6C39-4D6E-A3D9-6486966F4F1B}.Release|Mixed Platforms.ActiveCfg = Release|x86
		{FE13F086-6C39-4D6E-A3D9-6486966F4F1B}.Release|Mixed Platforms.Build.0 = Release|x86
		{FE13F086-6C39-4D6E-A3D9-6486966F4F1B}.Release|x86.ActiveCfg = Release|x86
		{FE13F086-6C39-4D6E-A3D9-6486966F4F1B}.Release|x86.Build.0 = Release|x86
		{EF871417-414A-462F-9B30-6EEC3920499F}.Debug|Any CPU.ActiveCfg = Debug|Any CPU
		{EF871417-414A-462F-9B30-6EEC3920499F}.Debug|Any CPU.Build.0 = Debug|Any CPU
		{EF871417-414A-462F-9B30-6EEC3920499F}.Debug|Mixed Platforms.ActiveCfg = Debug|Any CPU
		{EF871417-414A-462F-9B30-6EEC3920499F}.Debug|Mixed Platforms.Build.0 = Debug|Any CPU
		{EF871417-414A-462F-9B30-6EEC3920499F}.Debug|x86.ActiveCfg = Debug|Any CPU
		{EF871417-414A-462F-9B30-6EEC3920499F}.Release|Any CPU.ActiveCfg = Release|Any CPU
		{EF871417-414A-462F-9B30-6EEC3920499F}.Release|Any CPU.Build.0 = Release|Any CPU
		{EF871417-414A-462F-9B30-6EEC3920499F}.Release|Mixed Platforms.ActiveCfg = Release|Any CPU
		{EF871417-414A-462F-9B30-6EEC3920499F}.Release|Mixed Platforms.Build.0 = Release|Any CPU
		{EF871417-414A-462F-9B30-6EEC3920499F}.Release|x86.ActiveCfg = Release|Any CPU
	EndGlobalSection
	GlobalSection(SolutionProperties) = preSolution
		HideSolutionNode = FALSE
	EndGlobalSection
EndGlobal
